
Microsoft Visual Studio Solution File, Format Version 12.00
# Visual Studio 14
VisualStudioVersion = 14.0.23107.0
MinimumVisualStudioVersion = 10.0.40219.1
Project("{FAE04EC0-301F-11D3-BF4B-00C04F79EFBC}") = "OEHP.NET", "OEHP.NET\OEHP.NET.csproj", "{0494D172-669E-4A8E-8D89-D91D9E5B503B}"
EndProject
Project("{FAE04EC0-301F-11D3-BF4B-00C04F79EFBC}") = "OEHP.NET.Test", "OEHP.NET.Test\OEHP.NET.Test.csproj", "{9E145AFE-19CE-4990-A91D-2C199DF0B2AB}"
EndProject
Project("{FAE04EC0-301F-11D3-BF4B-00C04F79EFBC}") = "OEHP Tester", "OEHP Tester\OEHP Tester.csproj", "{F9A02FF4-6ECA-4951-9423-F17888DCF1CC}"
EndProject
Project("{FAE04EC0-301F-11D3-BF4B-00C04F79EFBC}") = "OEHP Tester.Test", "OEHP Tester.Test\OEHP Tester.Test.csproj", "{34E93C20-6E89-441A-BDC1-7D7DBF4DB475}"
EndProject
Project("{FAE04EC0-301F-11D3-BF4B-00C04F79EFBC}") = "DeveloperServicesPOS", "DeveloperServicesPOS\DeveloperServicesPOS.csproj", "{21CC1CDF-E2B8-4B84-8D69-A7881770E30E}"
EndProject
Project("{2150E333-8FDC-42A3-9474-1A3956D46DE8}") = "DevServices Utlities", "DevServices Utlities", "{FCED0419-2BC7-4214-A4C0-64536553A5E4}"
EndProject
Project("{FAE04EC0-301F-11D3-BF4B-00C04F79EFBC}") = "DM_Tester", "DM_Tester\DM_Tester.csproj", "{1015E74B-9990-4E2F-A2AC-636B3FF40DFA}"
EndProject
Project("{54435603-DBB4-11D2-8724-00A0C9A8B90C}") = "OEHP_Tester_Install", "OEHP_Tester_Install\OEHP_Tester_Install.vdproj", "{29E9A8F2-5768-4889-B92B-B56C2CC49148}"
EndProject
Global
	GlobalSection(SolutionConfigurationPlatforms) = preSolution
		Debug|Any CPU = Debug|Any CPU
		Release|Any CPU = Release|Any CPU
	EndGlobalSection
	GlobalSection(ProjectConfigurationPlatforms) = postSolution
		{0494D172-669E-4A8E-8D89-D91D9E5B503B}.Debug|Any CPU.ActiveCfg = Debug|Any CPU
		{0494D172-669E-4A8E-8D89-D91D9E5B503B}.Debug|Any CPU.Build.0 = Debug|Any CPU
		{0494D172-669E-4A8E-8D89-D91D9E5B503B}.Release|Any CPU.ActiveCfg = Release|Any CPU
		{0494D172-669E-4A8E-8D89-D91D9E5B503B}.Release|Any CPU.Build.0 = Release|Any CPU
		{9E145AFE-19CE-4990-A91D-2C199DF0B2AB}.Debug|Any CPU.ActiveCfg = Debug|Any CPU
		{9E145AFE-19CE-4990-A91D-2C199DF0B2AB}.Debug|Any CPU.Build.0 = Debug|Any CPU
		{9E145AFE-19CE-4990-A91D-2C199DF0B2AB}.Release|Any CPU.ActiveCfg = Release|Any CPU
		{9E145AFE-19CE-4990-A91D-2C199DF0B2AB}.Release|Any CPU.Build.0 = Release|Any CPU
		{F9A02FF4-6ECA-4951-9423-F17888DCF1CC}.Debug|Any CPU.ActiveCfg = Release|Any CPU
		{F9A02FF4-6ECA-4951-9423-F17888DCF1CC}.Debug|Any CPU.Build.0 = Release|Any CPU
		{F9A02FF4-6ECA-4951-9423-F17888DCF1CC}.Release|Any CPU.ActiveCfg = Release|Any CPU
		{F9A02FF4-6ECA-4951-9423-F17888DCF1CC}.Release|Any CPU.Build.0 = Release|Any CPU
		{34E93C20-6E89-441A-BDC1-7D7DBF4DB475}.Debug|Any CPU.ActiveCfg = Debug|Any CPU
		{34E93C20-6E89-441A-BDC1-7D7DBF4DB475}.Debug|Any CPU.Build.0 = Debug|Any CPU
		{34E93C20-6E89-441A-BDC1-7D7DBF4DB475}.Release|Any CPU.ActiveCfg = Release|Any CPU
		{34E93C20-6E89-441A-BDC1-7D7DBF4DB475}.Release|Any CPU.Build.0 = Release|Any CPU
		{21CC1CDF-E2B8-4B84-8D69-A7881770E30E}.Debug|Any CPU.ActiveCfg = Debug|Any CPU
		{21CC1CDF-E2B8-4B84-8D69-A7881770E30E}.Debug|Any CPU.Build.0 = Debug|Any CPU
		{21CC1CDF-E2B8-4B84-8D69-A7881770E30E}.Release|Any CPU.ActiveCfg = Release|Any CPU
		{21CC1CDF-E2B8-4B84-8D69-A7881770E30E}.Release|Any CPU.Build.0 = Release|Any CPU
		{1015E74B-9990-4E2F-A2AC-636B3FF40DFA}.Debug|Any CPU.ActiveCfg = Debug|Any CPU
		{1015E74B-9990-4E2F-A2AC-636B3FF40DFA}.Debug|Any CPU.Build.0 = Debug|Any CPU
		{1015E74B-9990-4E2F-A2AC-636B3FF40DFA}.Release|Any CPU.ActiveCfg = Release|Any CPU
		{1015E74B-9990-4E2F-A2AC-636B3FF40DFA}.Release|Any CPU.Build.0 = Release|Any CPU
		{29E9A8F2-5768-4889-B92B-B56C2CC49148}.Debug|Any CPU.ActiveCfg = Release
		{29E9A8F2-5768-4889-B92B-B56C2CC49148}.Release|Any CPU.ActiveCfg = Release
	EndGlobalSection
	GlobalSection(SolutionProperties) = preSolution
		HideSolutionNode = FALSE
	EndGlobalSection
	GlobalSection(NestedProjects) = preSolution
		{F9A02FF4-6ECA-4951-9423-F17888DCF1CC} = {FCED0419-2BC7-4214-A4C0-64536553A5E4}
		{34E93C20-6E89-441A-BDC1-7D7DBF4DB475} = {FCED0419-2BC7-4214-A4C0-64536553A5E4}
		{21CC1CDF-E2B8-4B84-8D69-A7881770E30E} = {FCED0419-2BC7-4214-A4C0-64536553A5E4}
		{1015E74B-9990-4E2F-A2AC-636B3FF40DFA} = {FCED0419-2BC7-4214-A4C0-64536553A5E4}
		{29E9A8F2-5768-4889-B92B-B56C2CC49148} = {FCED0419-2BC7-4214-A4C0-64536553A5E4}
	EndGlobalSection
EndGlobal
